
Microsoft Visual Studio Solution File, Format Version 12.00
# Visual Studio Version 16
VisualStudioVersion = 16.0.31313.79
MinimumVisualStudioVersion = 10.0.40219.1
Project("{FAE04EC0-301F-11D3-BF4B-00C04F79EFBC}") = "ASP_1", "ASP_1.csproj", "{AAAC63AD-1459-44B6-85F1-D0C697AB18B8}"
EndProject
Global
	GlobalSection(SolutionConfigurationPlatforms) = preSolution
		Debug|Any CPU = Debug|Any CPU
		Release|Any CPU = Release|Any CPU
	EndGlobalSection
	GlobalSection(ProjectConfigurationPlatforms) = postSolution
		{AAAC63AD-1459-44B6-85F1-D0C697AB18B8}.Debug|Any CPU.ActiveCfg = Debug|Any CPU
		{AAAC63AD-1459-44B6-85F1-D0C697AB18B8}.Debug|Any CPU.Build.0 = Debug|Any CPU
		{AAAC63AD-1459-44B6-85F1-D0C697AB18B8}.Release|Any CPU.ActiveCfg = Release|Any CPU
		{AAAC63AD-1459-44B6-85F1-D0C697AB18B8}.Release|Any CPU.Build.0 = Release|Any CPU
	EndGlobalSection
	GlobalSection(SolutionProperties) = preSolution
		HideSolutionNode = FALSE
	EndGlobalSection
	GlobalSection(ExtensibilityGlobals) = postSolution
		SolutionGuid = {CE4023E0-E119-4985-863E-7CD03078C785}
	EndGlobalSection
EndGlobal
